
Microsoft Visual Studio Solution File, Format Version 12.00
# Visual Studio 14
VisualStudioVersion = 14.0.24720.0
MinimumVisualStudioVersion = 10.0.40219.1
Project("{FAE04EC0-301F-11D3-BF4B-00C04F79EFBC}") = "ReactDemo", "ReactDemo\ReactDemo.csproj", "{12962B36-D245-41A3-886B-ABCE44D8CB21}"
EndProject
Project("{FAE04EC0-301F-11D3-BF4B-00C04F79EFBC}") = "ReactDemo.Tests", "ReactDemo.Tests\ReactDemo.Tests.csproj", "{3C1A4005-D2A1-4B5F-9049-914BE7552303}"
EndProject
Global
	GlobalSection(SolutionConfigurationPlatforms) = preSolution
		Debug|Any CPU = Debug|Any CPU
		Release|Any CPU = Release|Any CPU
	EndGlobalSection
	GlobalSection(ProjectConfigurationPlatforms) = postSolution
		{12962B36-D245-41A3-886B-ABCE44D8CB21}.Debug|Any CPU.ActiveCfg = Debug|Any CPU
		{12962B36-D245-41A3-886B-ABCE44D8CB21}.Debug|Any CPU.Build.0 = Debug|Any CPU
		{12962B36-D245-41A3-886B-ABCE44D8CB21}.Release|Any CPU.ActiveCfg = Release|Any CPU
		{12962B36-D245-41A3-886B-ABCE44D8CB21}.Release|Any CPU.Build.0 = Release|Any CPU
		{3C1A4005-D2A1-4B5F-9049-914BE7552303}.Debug|Any CPU.ActiveCfg = Debug|Any CPU
		{3C1A4005-D2A1-4B5F-9049-914BE7552303}.Debug|Any CPU.Build.0 = Debug|Any CPU
		{3C1A4005-D2A1-4B5F-9049-914BE7552303}.Release|Any CPU.ActiveCfg = Release|Any CPU
		{3C1A4005-D2A1-4B5F-9049-914BE7552303}.Release|Any CPU.Build.0 = Release|Any CPU
	EndGlobalSection
	GlobalSection(SolutionProperties) = preSolution
		HideSolutionNode = FALSE
	EndGlobalSection
EndGlobal
